// !$*UTF8*$!
{
	archiveVersion = 1;
	classes = {
	};
	objectVersion = 46;
	objects = {

/* Begin PBXBuildFile section */
		C49EF6491C6A5B51001C6D93 /* AppDelegate.swift in Sources */ = {isa = PBXBuildFile; fileRef = C49EF6481C6A5B51001C6D93 /* AppDelegate.swift */; };
		C49EF64B1C6A5B51001C6D93 /* ViewController.swift in Sources */ = {isa = PBXBuildFile; fileRef = C49EF64A1C6A5B51001C6D93 /* ViewController.swift */; };
		C49EF64E1C6A5B51001C6D93 /* Main.storyboard in Resources */ = {isa = PBXBuildFile; fileRef = C49EF64C1C6A5B51001C6D93 /* Main.storyboard */; };
		C49EF6501C6A5B51001C6D93 /* Assets.xcassets in Resources */ = {isa = PBXBuildFile; fileRef = C49EF64F1C6A5B51001C6D93 /* Assets.xcassets */; };
		C49EF6531C6A5B51001C6D93 /* LaunchScreen.storyboard in Resources */ = {isa = PBXBuildFile; fileRef = C49EF6511C6A5B51001C6D93 /* LaunchScreen.storyboard */; };
		C49EF65E1C6A5B51001C6D93 /* Project6bTests.swift in Sources */ = {isa = PBXBuildFile; fileRef = C49EF65D1C6A5B51001C6D93 /* Project6bTests.swift */; };
		C49EF6691C6A658E001C6D93 /* README.md in Sources */ = {isa = PBXBuildFile; fileRef = C49EF6681C6A658E001C6D93 /* README.md */; };
/* End PBXBuildFile section */

/* Begin PBXContainerItemProxy section */
		C49EF65A1C6A5B51001C6D93 /* PBXContainerItemProxy */ = {
			isa = PBXContainerItemProxy;
			containerPortal = C49EF63D1C6A5B51001C6D93 /* Project object */;
			proxyType = 1;
			remoteGlobalIDString = C49EF6441C6A5B51001C6D93;
			remoteInfo = Project6b;
		};
/* End PBXContainerItemProxy section */

/* Begin PBXFileReference section */
		C49EF6451C6A5B51001C6D93 /* Project6b.app */ = {isa = PBXFileReference; explicitFileType = wrapper.application; includeInIndex = 0; path = Project6b.app; sourceTree = BUILT_PRODUCTS_DIR; };
		C49EF6481C6A5B51001C6D93 /* AppDelegate.swift */ = {isa = PBXFileReference; lastKnownFileType = sourcecode.swift; path = AppDelegate.swift; sourceTree = "<group>"; };
		C49EF64A1C6A5B51001C6D93 /* ViewController.swift */ = {isa = PBXFileReference; lastKnownFileType = sourcecode.swift; path = ViewController.swift; sourceTree = "<group>"; };
		C49EF64D1C6A5B51001C6D93 /* Base */ = {isa = PBXFileReference; lastKnownFileType = file.storyboard; name = Base; path = Base.lproj/Main.storyboard; sourceTree = "<group>"; };
		C49EF64F1C6A5B51001C6D93 /* Assets.xcassets */ = {isa = PBXFileReference; lastKnownFileType = folder.assetcatalog; path = Assets.xcassets; sourceTree = "<group>"; };
		C49EF6521C6A5B51001C6D93 /* Base */ = {isa = PBXFileReference; lastKnownFileType = file.storyboard; name = Base; path = Base.lproj/LaunchScreen.storyboard; sourceTree = "<group>"; };
		C49EF6541C6A5B51001C6D93 /* Info.plist */ = {isa = PBXFileReference; lastKnownFileType = text.plist.xml; path = Info.plist; sourceTree = "<group>"; };
		C49EF6591C6A5B51001C6D93 /* Project6bTests.xctest */ = {isa = PBXFileReference; explicitFileType = wrapper.cfbundle; includeInIndex = 0; path = Project6bTests.xctest; sourceTree = BUILT_PRODUCTS_DIR; };
		C49EF65D1C6A5B51001C6D93 /* Project6bTests.swift */ = {isa = PBXFileReference; lastKnownFileType = sourcecode.swift; path = Project6bTests.swift; sourceTree = "<group>"; };
		C49EF65F1C6A5B51001C6D93 /* Info.plist */ = {isa = PBXFileReference; lastKnownFileType = text.plist.xml; path = Info.plist; sourceTree = "<group>"; };
		C49EF6681C6A658E001C6D93 /* README.md */ = {isa = PBXFileReference; fileEncoding = 4; lastKnownFileType = net.daringfireball.markdown; path = README.md; sourceTree = "<group>"; };
/* End PBXFileReference section */

/* Begin PBXFrameworksBuildPhase section */
		C49EF6421C6A5B51001C6D93 /* Frameworks */ = {
			isa = PBXFrameworksBuildPhase;
			buildActionMask = 2147483647;
			files = (
			);
			runOnlyForDeploymentPostprocessing = 0;
		};
		C49EF6561C6A5B51001C6D93 /* Frameworks */ = {
			isa = PBXFrameworksBuildPhase;
			buildActionMask = 2147483647;
			files = (
			);
			runOnlyForDeploymentPostprocessing = 0;
		};
/* End PBXFrameworksBuildPhase section */

/* Begin PBXGroup section */
		C49EF63C1C6A5B51001C6D93 = {
			isa = PBXGroup;
			children = (
				C49EF6681C6A658E001C6D93 /* README.md */,
				C49EF6471C6A5B51001C6D93 /* Project6b */,
				C49EF65C1C6A5B51001C6D93 /* Project6bTests */,
				C49EF6461C6A5B51001C6D93 /* Products */,
			);
			sourceTree = "<group>";
		};
		C49EF6461C6A5B51001C6D93 /* Products */ = {
			isa = PBXGroup;
			children = (
				C49EF6451C6A5B51001C6D93 /* Project6b.app */,
				C49EF6591C6A5B51001C6D93 /* Project6bTests.xctest */,
			);
			name = Products;
			sourceTree = "<group>";
		};
		C49EF6471C6A5B51001C6D93 /* Project6b */ = {
			isa = PBXGroup;
			children = (
				C49EF6481C6A5B51001C6D93 /* AppDelegate.swift */,
				C49EF64A1C6A5B51001C6D93 /* ViewController.swift */,
				C49EF64C1C6A5B51001C6D93 /* Main.storyboard */,
				C49EF64F1C6A5B51001C6D93 /* Assets.xcassets */,
				C49EF6511C6A5B51001C6D93 /* LaunchScreen.storyboard */,
				C49EF6541C6A5B51001C6D93 /* Info.plist */,
			);
			path = Project6b;
			sourceTree = "<group>";
		};
		C49EF65C1C6A5B51001C6D93 /* Project6bTests */ = {
			isa = PBXGroup;
			children = (
				C49EF65D1C6A5B51001C6D93 /* Project6bTests.swift */,
				C49EF65F1C6A5B51001C6D93 /* Info.plist */,
			);
			path = Project6bTests;
			sourceTree = "<group>";
		};
/* End PBXGroup section */

/* Begin PBXNativeTarget section */
		C49EF6441C6A5B51001C6D93 /* Project6b */ = {
			isa = PBXNativeTarget;
			buildConfigurationList = C49EF6621C6A5B51001C6D93 /* Build configuration list for PBXNativeTarget "Project6b" */;
			buildPhases = (
				C49EF6411C6A5B51001C6D93 /* Sources */,
				C49EF6421C6A5B51001C6D93 /* Frameworks */,
				C49EF6431C6A5B51001C6D93 /* Resources */,
			);
			buildRules = (
			);
			dependencies = (
			);
			name = Project6b;
			productName = Project6b;
			productReference = C49EF6451C6A5B51001C6D93 /* Project6b.app */;
			productType = "com.apple.product-type.application";
		};
		C49EF6581C6A5B51001C6D93 /* Project6bTests */ = {
			isa = PBXNativeTarget;
			buildConfigurationList = C49EF6651C6A5B51001C6D93 /* Build configuration list for PBXNativeTarget "Project6bTests" */;
			buildPhases = (
				C49EF6551C6A5B51001C6D93 /* Sources */,
				C49EF6561C6A5B51001C6D93 /* Frameworks */,
				C49EF6571C6A5B51001C6D93 /* Resources */,
			);
			buildRules = (
			);
			dependencies = (
				C49EF65B1C6A5B51001C6D93 /* PBXTargetDependency */,
			);
			name = Project6bTests;
			productName = Project6bTests;
			productReference = C49EF6591C6A5B51001C6D93 /* Project6bTests.xctest */;
			productType = "com.apple.product-type.bundle.unit-test";
		};
/* End PBXNativeTarget section */

/* Begin PBXProject section */
		C49EF63D1C6A5B51001C6D93 /* Project object */ = {
			isa = PBXProject;
			attributes = {
				LastSwiftUpdateCheck = 0720;
				LastUpgradeCheck = 0720;
				ORGANIZATIONNAME = J4SOFT;
				TargetAttributes = {
					C49EF6441C6A5B51001C6D93 = {
						CreatedOnToolsVersion = 7.2.1;
					};
					C49EF6581C6A5B51001C6D93 = {
						CreatedOnToolsVersion = 7.2.1;
						TestTargetID = C49EF6441C6A5B51001C6D93;
					};
				};
			};
			buildConfigurationList = C49EF6401C6A5B51001C6D93 /* Build configuration list for PBXProject "Project6b" */;
			compatibilityVersion = "Xcode 3.2";
			developmentRegion = English;
			hasScannedForEncodings = 0;
			knownRegions = (
				en,
				Base,
			);
			mainGroup = C49EF63C1C6A5B51001C6D93;
			productRefGroup = C49EF6461C6A5B51001C6D93 /* Products */;
			projectDirPath = "";
			projectRoot = "";
			targets = (
				C49EF6441C6A5B51001C6D93 /* Project6b */,
				C49EF6581C6A5B51001C6D93 /* Project6bTests */,
			);
		};
/* End PBXProject section */

/* Begin PBXResourcesBuildPhase section */
		C49EF6431C6A5B51001C6D93 /* Resources */ = {
			isa = PBXResourcesBuildPhase;
			buildActionMask = 2147483647;
			files = (
				C49EF6531C6A5B51001C6D93 /* LaunchScreen.storyboard in Resources */,
				C49EF6501C6A5B51001C6D93 /* Assets.xcassets in Resources */,
				C49EF64E1C6A5B51001C6D93 /* Main.storyboard in Resources */,
			);
			runOnlyForDeploymentPostprocessing = 0;
		};
		C49EF6571C6A5B51001C6D93 /* Resources */ = {
			isa = PBXResourcesBuildPhase;
			buildActionMask = 2147483647;
			files = (
			);
			runOnlyForDeploymentPostprocessing = 0;
		};
/* End PBXResourcesBuildPhase section */

/* Begin PBXSourcesBuildPhase section */
		C49EF6411C6A5B51001C6D93 /* Sources */ = {
			isa = PBXSourcesBuildPhase;
			buildActionMask = 2147483647;
			files = (
				C49EF6691C6A658E001C6D93 /* README.md in Sources */,
				C49EF64B1C6A5B51001C6D93 /* ViewController.swift in Sources */,
				C49EF6491C6A5B51001C6D93 /* AppDelegate.swift in Sources */,
			);
			runOnlyForDeploymentPostprocessing = 0;
		};
		C49EF6551C6A5B51001C6D93 /* Sources */ = {
			isa = PBXSourcesBuildPhase;
			buildActionMask = 2147483647;
			files = (
				C49EF65E1C6A5B51001C6D93 /* Project6bTests.swift in Sources */,
			);
			runOnlyForDeploymentPostprocessing = 0;
		};
/* End PBXSourcesBuildPhase section */

/* Begin PBXTargetDependency section */
		C49EF65B1C6A5B51001C6D93 /* PBXTargetDependency */ = {
			isa = PBXTargetDependency;
			target = C49EF6441C6A5B51001C6D93 /* Project6b */;
			targetProxy = C49EF65A1C6A5B51001C6D93 /* PBXContainerItemProxy */;
		};
/* End PBXTargetDependency section */

/* Begin PBXVariantGroup section */
		C49EF64C1C6A5B51001C6D93 /* Main.storyboard */ = {
			isa = PBXVariantGroup;
			children = (
				C49EF64D1C6A5B51001C6D93 /* Base */,
			);
			name = Main.storyboard;
			sourceTree = "<group>";
		};
		C49EF6511C6A5B51001C6D93 /* LaunchScreen.storyboard */ = {
			isa = PBXVariantGroup;
			children = (
				C49EF6521C6A5B51001C6D93 /* Base */,
			);
			name = LaunchScreen.storyboard;
			sourceTree = "<group>";
		};
/* End PBXVariantGroup section */

/* Begin XCBuildConfiguration section */
		C49EF6601C6A5B51001C6D93 /* Debug */ = {
			isa = XCBuildConfiguration;
			buildSettings = {
				ALWAYS_SEARCH_USER_PATHS = NO;
				CLANG_CXX_LANGUAGE_STANDARD = "gnu++0x";
				CLANG_CXX_LIBRARY = "libc++";
				CLANG_ENABLE_MODULES = YES;
				CLANG_ENABLE_OBJC_ARC = YES;
				CLANG_WARN_BOOL_CONVERSION = YES;
				CLANG_WARN_CONSTANT_CONVERSION = YES;
				CLANG_WARN_DIRECT_OBJC_ISA_USAGE = YES_ERROR;
				CLANG_WARN_EMPTY_BODY = YES;
				CLANG_WARN_ENUM_CONVERSION = YES;
				CLANG_WARN_INT_CONVERSION = YES;
				CLANG_WARN_OBJC_ROOT_CLASS = YES_ERROR;
				CLANG_WARN_UNREACHABLE_CODE = YES;
				CLANG_WARN__DUPLICATE_METHOD_MATCH = YES;
				"CODE_SIGN_IDENTITY[sdk=iphoneos*]" = "iPhone Developer";
				COPY_PHASE_STRIP = NO;
				DEBUG_INFORMATION_FORMAT = dwarf;
				ENABLE_STRICT_OBJC_MSGSEND = YES;
				ENABLE_TESTABILITY = YES;
				GCC_C_LANGUAGE_STANDARD = gnu99;
				GCC_DYNAMIC_NO_PIC = NO;
				GCC_NO_COMMON_BLOCKS = YES;
				GCC_OPTIMIZATION_LEVEL = 0;
				GCC_PREPROCESSOR_DEFINITIONS = (
					"DEBUG=1",
					"$(inherited)",
				);
				GCC_WARN_64_TO_32_BIT_CONVERSION = YES;
				GCC_WARN_ABOUT_RETURN_TYPE = YES_ERROR;
				GCC_WARN_UNDECLARED_SELECTOR = YES;
				GCC_WARN_UNINITIALIZED_AUTOS = YES_AGGRESSIVE;
				GCC_WARN_UNUSED_FUNCTION = YES;
				GCC_WARN_UNUSED_VARIABLE = YES;
				IPHONEOS_DEPLOYMENT_TARGET = 9.2;
				MTL_ENABLE_DEBUG_INFO = YES;
				ONLY_ACTIVE_ARCH = YES;
				SDKROOT = iphoneos;
				SWIFT_OPTIMIZATION_LEVEL = "-Onone";
			};
			name = Debug;
		};
		C49EF6611C6A5B51001C6D93 /* Release */ = {
			isa = XCBuildConfiguration;
			buildSettings = {
				ALWAYS_SEARCH_USER_PATHS = NO;
				CLANG_CXX_LANGUAGE_STANDARD = "gnu++0x";
				CLANG_CXX_LIBRARY = "libc++";
				CLANG_ENABLE_MODULES = YES;
				CLANG_ENABLE_OBJC_ARC = YES;
				CLANG_WARN_BOOL_CONVERSION = YES;
				CLANG_WARN_CONSTANT_CONVERSION = YES;
				CLANG_WARN_DIRECT_OBJC_ISA_USAGE = YES_ERROR;
				CLANG_WARN_EMPTY_BODY = YES;
				CLANG_WARN_ENUM_CONVERSION = YES;
				CLANG_WARN_INT_CONVERSION = YES;
				CLANG_WARN_OBJC_ROOT_CLASS = YES_ERROR;
				CLANG_WARN_UNREACHABLE_CODE = YES;
				CLANG_WARN__DUPLICATE_METHOD_MATCH = YES;
				"CODE_SIGN_IDENTITY[sdk=iphoneos*]" = "iPhone Developer";
				COPY_PHASE_STRIP = NO;
				DEBUG_INFORMATION_FORMAT = "dwarf-with-dsym";
				ENABLE_NS_ASSERTIONS = NO;
				ENABLE_STRICT_OBJC_MSGSEND = YES;
				GCC_C_LANGUAGE_STANDARD = gnu99;
				GCC_NO_COMMON_BLOCKS = YES;
				GCC_WARN_64_TO_32_BIT_CONVERSION = YES;
				GCC_WARN_ABOUT_RETURN_TYPE = YES_ERROR;
				GCC_WARN_UNDECLARED_SELECTOR = YES;
				GCC_WARN_UNINITIALIZED_AUTOS = YES_AGGRESSIVE;
				GCC_WARN_UNUSED_FUNCTION = YES;
				GCC_WARN_UNUSED_VARIABLE = YES;
				IPHONEOS_DEPLOYMENT_TARGET = 9.2;
				MTL_ENABLE_DEBUG_INFO = NO;
				SDKROOT = iphoneos;
				VALIDATE_PRODUCT = YES;
			};
			name = Release;
		};
		C49EF6631C6A5B51001C6D93 /* Debug */ = {
			isa = XCBuildConfiguration;
			buildSettings = {
				ASSETCATALOG_COMPILER_APPICON_NAME = AppIcon;
				INFOPLIST_FILE = Project6b/Info.plist;
				LD_RUNPATH_SEARCH_PATHS = "$(inherited) @executable_path/Frameworks";
				PRODUCT_BUNDLE_IDENTIFIER = J4SOFT.Project6b;
				PRODUCT_NAME = "$(TARGET_NAME)";
			};
			name = Debug;
		};
		C49EF6641C6A5B51001C6D93 /* Release */ = {
			isa = XCBuildConfiguration;
			buildSettings = {
				ASSETCATALOG_COMPILER_APPICON_NAME = AppIcon;
				INFOPLIST_FILE = Project6b/Info.plist;
				LD_RUNPATH_SEARCH_PATHS = "$(inherited) @executable_path/Frameworks";
				PRODUCT_BUNDLE_IDENTIFIER = J4SOFT.Project6b;
				PRODUCT_NAME = "$(TARGET_NAME)";
			};
			name = Release;
		};
		C49EF6661C6A5B51001C6D93 /* Debug */ = {
			isa = XCBuildConfiguration;
			buildSettings = {
				BUNDLE_LOADER = "$(TEST_HOST)";
				INFOPLIST_FILE = Project6bTests/Info.plist;
				LD_RUNPATH_SEARCH_PATHS = "$(inherited) @executable_path/Frameworks @loader_path/Frameworks";
				PRODUCT_BUNDLE_IDENTIFIER = J4SOFT.Project6bTests;
				PRODUCT_NAME = "$(TARGET_NAME)";
				TEST_HOST = "$(BUILT_PRODUCTS_DIR)/Project6b.app/Project6b";
			};
			name = Debug;
		};
		C49EF6671C6A5B51001C6D93 /* Release */ = {
			isa = XCBuildConfiguration;
			buildSettings = {
				BUNDLE_LOADER = "$(TEST_HOST)";
				INFOPLIST_FILE = Project6bTests/Info.plist;
				LD_RUNPATH_SEARCH_PATHS = "$(inherited) @executable_path/Frameworks @loader_path/Frameworks";
				PRODUCT_BUNDLE_IDENTIFIER = J4SOFT.Project6bTests;
				PRODUCT_NAME = "$(TARGET_NAME)";
				TEST_HOST = "$(BUILT_PRODUCTS_DIR)/Project6b.app/Project6b";
			};
			name = Release;
		};
/* End XCBuildConfiguration section */

/* Begin XCConfigurationList section */
		C49EF6401C6A5B51001C6D93 /* Build configuration list for PBXProject "Project6b" */ = {
			isa = XCConfigurationList;
			buildConfigurations = (
				C49EF6601C6A5B51001C6D93 /* Debug */,
				C49EF6611C6A5B51001C6D93 /* Release */,
			);
			defaultConfigurationIsVisible = 0;
			defaultConfigurationName = Release;
		};
		C49EF6621C6A5B51001C6D93 /* Build configuration list for PBXNativeTarget "Project6b" */ = {
			isa = XCConfigurationList;
			buildConfigurations = (
				C49EF6631C6A5B51001C6D93 /* Debug */,
				C49EF6641C6A5B51001C6D93 /* Release */,
			);
			defaultConfigurationIsVisible = 0;
		};
		C49EF6651C6A5B51001C6D93 /* Build configuration list for PBXNativeTarget "Project6bTests" */ = {
			isa = XCConfigurationList;
			buildConfigurations = (
				C49EF6661C6A5B51001C6D93 /* Debug */,
				C49EF6671C6A5B51001C6D93 /* Release */,
			);
			defaultConfigurationIsVisible = 0;
		};
/* End XCConfigurationList section */
	};
	rootObject = C49EF63D1C6A5B51001C6D93 /* Project object */;
}
